<?xml version="1.0" encoding="UTF-8"?>
<Scheme
   version = "1.3">
   <BuildAction>
      <BuildActionEntries>
         <BuildActionEntry
            buildForRunning = "YES">
            <BuildableReference
               BuildableIdentifier = "primary"
               BlueprintIdentifier = "02FDCA3C26DF87BD002E6C28"
               BuildableName = "F1 mac app.app"
               BlueprintName = "F1 mac app"
               ReferencedContainer = "container:F1 mac app.xcodeproj">
            </BuildableReference>
         </BuildActionEntry>
      </BuildActionEntries>
   </BuildAction>
   <LaunchAction
      useCustomWorkingDirectory = "NO"
      buildConfiguration = "Debug"
      allowLocationSimulation = "YES">
      <BuildableProductRunnable>
         <BuildableReference
            BuildableIdentifier = "primary"
            BlueprintIdentifier = "02FDCA3C26DF87BD002E6C28"
            BuildableName = "F1 mac app.app"
            BlueprintName = "F1 mac app"
            ReferencedContainer = "container:F1 mac app.xcodeproj">
         </BuildableReference>
      </BuildableProductRunnable>
   </LaunchAction>
</Scheme>
